
Microsoft Visual Studio Solution File, Format Version 12.00
# Visual Studio Version 17
VisualStudioVersion = 17.5.002.0
MinimumVisualStudioVersion = 10.0.40219.1
Project("{9A19103F-16F7-4668-BE54-9A1E7A4F7556}") = "DesafioFundamentos", "DesafioFundamentos.csproj", "{04EDA3DF-393D-43BE-8F56-4B7138CA0569}"
EndProject
Global
	GlobalSection(SolutionConfigurationPlatforms) = preSolution
		Debug|Any CPU = Debug|Any CPU
		Release|Any CPU = Release|Any CPU
	EndGlobalSection
	GlobalSection(ProjectConfigurationPlatforms) = postSolution
		{04EDA3DF-393D-43BE-8F56-4B7138CA0569}.Debug|Any CPU.ActiveCfg = Debug|Any CPU
		{04EDA3DF-393D-43BE-8F56-4B7138CA0569}.Debug|Any CPU.Build.0 = Debug|Any CPU
		{04EDA3DF-393D-43BE-8F56-4B7138CA0569}.Release|Any CPU.ActiveCfg = Release|Any CPU
		{04EDA3DF-393D-43BE-8F56-4B7138CA0569}.Release|Any CPU.Build.0 = Release|Any CPU
	EndGlobalSection
	GlobalSection(SolutionProperties) = preSolution
		HideSolutionNode = FALSE
	EndGlobalSection
	GlobalSection(ExtensibilityGlobals) = postSolution
		SolutionGuid = {A0927AA4-7E3A-4716-9C3D-4AA4F6013938}
	EndGlobalSection
EndGlobal
